// !$*UTF8*$!
{
	archiveVersion = 1;
	classes = {
	};
	objectVersion = 46;
	objects = {

/* Begin PBXBuildFile section */
		17A2CCDE18EC1D1A0004F343 /* Foundation.framework in Frameworks */ = {isa = PBXBuildFile; fileRef = 17A2CCDD18EC1D1A0004F343 /* Foundation.framework */; };
		17A2CCE018EC1D1A0004F343 /* CoreGraphics.framework in Frameworks */ = {isa = PBXBuildFile; fileRef = 17A2CCDF18EC1D1A0004F343 /* CoreGraphics.framework */; };
		17A2CCE218EC1D1A0004F343 /* UIKit.framework in Frameworks */ = {isa = PBXBuildFile; fileRef = 17A2CCE118EC1D1A0004F343 /* UIKit.framework */; };
		17A2CCE818EC1D1A0004F343 /* InfoPlist.strings in Resources */ = {isa = PBXBuildFile; fileRef = 17A2CCE618EC1D1A0004F343 /* InfoPlist.strings */; };
		17A2CCEA18EC1D1A0004F343 /* main.m in Sources */ = {isa = PBXBuildFile; fileRef = 17A2CCE918EC1D1A0004F343 /* main.m */; };
		17A2CCEE18EC1D1A0004F343 /* BXAppDelegate.m in Sources */ = {isa = PBXBuildFile; fileRef = 17A2CCED18EC1D1A0004F343 /* BXAppDelegate.m */; };
		17A2CCF118EC1D1B0004F343 /* Main.storyboard in Resources */ = {isa = PBXBuildFile; fileRef = 17A2CCEF18EC1D1B0004F343 /* Main.storyboard */; };
		17A2CCF418EC1D1B0004F343 /* BXViewController.m in Sources */ = {isa = PBXBuildFile; fileRef = 17A2CCF318EC1D1B0004F343 /* BXViewController.m */; };
		17A2CCF618EC1D1B0004F343 /* Images.xcassets in Resources */ = {isa = PBXBuildFile; fileRef = 17A2CCF518EC1D1B0004F343 /* Images.xcassets */; };
		17A2CCFD18EC1D1B0004F343 /* XCTest.framework in Frameworks */ = {isa = PBXBuildFile; fileRef = 17A2CCFC18EC1D1B0004F343 /* XCTest.framework */; };
		17A2CCFE18EC1D1B0004F343 /* Foundation.framework in Frameworks */ = {isa = PBXBuildFile; fileRef = 17A2CCDD18EC1D1A0004F343 /* Foundation.framework */; };
		17A2CCFF18EC1D1B0004F343 /* UIKit.framework in Frameworks */ = {isa = PBXBuildFile; fileRef = 17A2CCE118EC1D1A0004F343 /* UIKit.framework */; };
		17A2CD0718EC1D1B0004F343 /* InfoPlist.strings in Resources */ = {isa = PBXBuildFile; fileRef = 17A2CD0518EC1D1B0004F343 /* InfoPlist.strings */; };
		17A2CD0918EC1D1B0004F343 /* BXFigureDrawTests.m in Sources */ = {isa = PBXBuildFile; fileRef = 17A2CD0818EC1D1B0004F343 /* BXFigureDrawTests.m */; };
/* End PBXBuildFile section */

/* Begin PBXContainerItemProxy section */
		17A2CD0018EC1D1B0004F343 /* PBXContainerItemProxy */ = {
			isa = PBXContainerItemProxy;
			containerPortal = 17A2CCD218EC1D1A0004F343 /* Project object */;
			proxyType = 1;
			remoteGlobalIDString = 17A2CCD918EC1D1A0004F343;
			remoteInfo = BXFigureDraw;
		};
/* End PBXContainerItemProxy section */

/* Begin PBXFileReference section */
		17A2CCDA18EC1D1A0004F343 /* BXFigureDraw.app */ = {isa = PBXFileReference; explicitFileType = wrapper.application; includeInIndex = 0; path = BXFigureDraw.app; sourceTree = BUILT_PRODUCTS_DIR; };
		17A2CCDD18EC1D1A0004F343 /* Foundation.framework */ = {isa = PBXFileReference; lastKnownFileType = wrapper.framework; name = Foundation.framework; path = System/Library/Frameworks/Foundation.framework; sourceTree = SDKROOT; };
		17A2CCDF18EC1D1A0004F343 /* CoreGraphics.framework */ = {isa = PBXFileReference; lastKnownFileType = wrapper.framework; name = CoreGraphics.framework; path = System/Library/Frameworks/CoreGraphics.framework; sourceTree = SDKROOT; };
		17A2CCE118EC1D1A0004F343 /* UIKit.framework */ = {isa = PBXFileReference; lastKnownFileType = wrapper.framework; name = UIKit.framework; path = System/Library/Frameworks/UIKit.framework; sourceTree = SDKROOT; };
		17A2CCE518EC1D1A0004F343 /* BXFigureDraw-Info.plist */ = {isa = PBXFileReference; lastKnownFileType = text.plist.xml; path = "BXFigureDraw-Info.plist"; sourceTree = "<group>"; };
		17A2CCE718EC1D1A0004F343 /* en */ = {isa = PBXFileReference; lastKnownFileType = text.plist.strings; name = en; path = en.lproj/InfoPlist.strings; sourceTree = "<group>"; };
		17A2CCE918EC1D1A0004F343 /* main.m */ = {isa = PBXFileReference; lastKnownFileType = sourcecode.c.objc; path = main.m; sourceTree = "<group>"; };
		17A2CCEB18EC1D1A0004F343 /* BXFigureDraw-Prefix.pch */ = {isa = PBXFileReference; lastKnownFileType = sourcecode.c.h; path = "BXFigureDraw-Prefix.pch"; sourceTree = "<group>"; };
		17A2CCEC18EC1D1A0004F343 /* BXAppDelegate.h */ = {isa = PBXFileReference; lastKnownFileType = sourcecode.c.h; path = BXAppDelegate.h; sourceTree = "<group>"; };
		17A2CCED18EC1D1A0004F343 /* BXAppDelegate.m */ = {isa = PBXFileReference; lastKnownFileType = sourcecode.c.objc; path = BXAppDelegate.m; sourceTree = "<group>"; };
		17A2CCF018EC1D1B0004F343 /* Base */ = {isa = PBXFileReference; lastKnownFileType = file.storyboard; name = Base; path = Base.lproj/Main.storyboard; sourceTree = "<group>"; };
		17A2CCF218EC1D1B0004F343 /* BXViewController.h */ = {isa = PBXFileReference; lastKnownFileType = sourcecode.c.h; path = BXViewController.h; sourceTree = "<group>"; };
		17A2CCF318EC1D1B0004F343 /* BXViewController.m */ = {isa = PBXFileReference; lastKnownFileType = sourcecode.c.objc; path = BXViewController.m; sourceTree = "<group>"; };
		17A2CCF518EC1D1B0004F343 /* Images.xcassets */ = {isa = PBXFileReference; lastKnownFileType = folder.assetcatalog; path = Images.xcassets; sourceTree = "<group>"; };
		17A2CCFB18EC1D1B0004F343 /* BXFigureDrawTests.xctest */ = {isa = PBXFileReference; explicitFileType = wrapper.cfbundle; includeInIndex = 0; path = BXFigureDrawTests.xctest; sourceTree = BUILT_PRODUCTS_DIR; };
		17A2CCFC18EC1D1B0004F343 /* XCTest.framework */ = {isa = PBXFileReference; lastKnownFileType = wrapper.framework; name = XCTest.framework; path = Library/Frameworks/XCTest.framework; sourceTree = DEVELOPER_DIR; };
		17A2CD0418EC1D1B0004F343 /* BXFigureDrawTests-Info.plist */ = {isa = PBXFileReference; lastKnownFileType = text.plist.xml; path = "BXFigureDrawTests-Info.plist"; sourceTree = "<group>"; };
		17A2CD0618EC1D1B0004F343 /* en */ = {isa = PBXFileReference; lastKnownFileType = text.plist.strings; name = en; path = en.lproj/InfoPlist.strings; sourceTree = "<group>"; };
		17A2CD0818EC1D1B0004F343 /* BXFigureDrawTests.m */ = {isa = PBXFileReference; lastKnownFileType = sourcecode.c.objc; path = BXFigureDrawTests.m; sourceTree = "<group>"; };
/* End PBXFileReference section */

/* Begin PBXFrameworksBuildPhase section */
		17A2CCD718EC1D1A0004F343 /* Frameworks */ = {
			isa = PBXFrameworksBuildPhase;
			buildActionMask = 2147483647;
			files = (
				17A2CCE018EC1D1A0004F343 /* CoreGraphics.framework in Frameworks */,
				17A2CCE218EC1D1A0004F343 /* UIKit.framework in Frameworks */,
				17A2CCDE18EC1D1A0004F343 /* Foundation.framework in Frameworks */,
			);
			runOnlyForDeploymentPostprocessing = 0;
		};
		17A2CCF818EC1D1B0004F343 /* Frameworks */ = {
			isa = PBXFrameworksBuildPhase;
			buildActionMask = 2147483647;
			files = (
				17A2CCFD18EC1D1B0004F343 /* XCTest.framework in Frameworks */,
				17A2CCFF18EC1D1B0004F343 /* UIKit.framework in Frameworks */,
				17A2CCFE18EC1D1B0004F343 /* Foundation.framework in Frameworks */,
			);
			runOnlyForDeploymentPostprocessing = 0;
		};
/* End PBXFrameworksBuildPhase section */

/* Begin PBXGroup section */
		17A2CCD118EC1D1A0004F343 = {
			isa = PBXGroup;
			children = (
				17A2CCE318EC1D1A0004F343 /* BXFigureDraw */,
				17A2CD0218EC1D1B0004F343 /* BXFigureDrawTests */,
				17A2CCDC18EC1D1A0004F343 /* Frameworks */,
				17A2CCDB18EC1D1A0004F343 /* Products */,
			);
			sourceTree = "<group>";
		};
		17A2CCDB18EC1D1A0004F343 /* Products */ = {
			isa = PBXGroup;
			children = (
				17A2CCDA18EC1D1A0004F343 /* BXFigureDraw.app */,
				17A2CCFB18EC1D1B0004F343 /* BXFigureDrawTests.xctest */,
			);
			name = Products;
			sourceTree = "<group>";
		};
		17A2CCDC18EC1D1A0004F343 /* Frameworks */ = {
			isa = PBXGroup;
			children = (
				17A2CCDD18EC1D1A0004F343 /* Foundation.framework */,
				17A2CCDF18EC1D1A0004F343 /* CoreGraphics.framework */,
				17A2CCE118EC1D1A0004F343 /* UIKit.framework */,
				17A2CCFC18EC1D1B0004F343 /* XCTest.framework */,
			);
			name = Frameworks;
			sourceTree = "<group>";
		};
		17A2CCE318EC1D1A0004F343 /* BXFigureDraw */ = {
			isa = PBXGroup;
			children = (
				17A2CCEC18EC1D1A0004F343 /* BXAppDelegate.h */,
				17A2CCED18EC1D1A0004F343 /* BXAppDelegate.m */,
				17A2CCEF18EC1D1B0004F343 /* Main.storyboard */,
				17A2CCF218EC1D1B0004F343 /* BXViewController.h */,
				17A2CCF318EC1D1B0004F343 /* BXViewController.m */,
				17A2CCF518EC1D1B0004F343 /* Images.xcassets */,
				17A2CCE418EC1D1A0004F343 /* Supporting Files */,
			);
			path = BXFigureDraw;
			sourceTree = "<group>";
		};
		17A2CCE418EC1D1A0004F343 /* Supporting Files */ = {
			isa = PBXGroup;
			children = (
				17A2CCE518EC1D1A0004F343 /* BXFigureDraw-Info.plist */,
				17A2CCE618EC1D1A0004F343 /* InfoPlist.strings */,
				17A2CCE918EC1D1A0004F343 /* main.m */,
				17A2CCEB18EC1D1A0004F343 /* BXFigureDraw-Prefix.pch */,
			);
			name = "Supporting Files";
			sourceTree = "<group>";
		};
		17A2CD0218EC1D1B0004F343 /* BXFigureDrawTests */ = {
			isa = PBXGroup;
			children = (
				17A2CD0818EC1D1B0004F343 /* BXFigureDrawTests.m */,
				17A2CD0318EC1D1B0004F343 /* Supporting Files */,
			);
			path = BXFigureDrawTests;
			sourceTree = "<group>";
		};
		17A2CD0318EC1D1B0004F343 /* Supporting Files */ = {
			isa = PBXGroup;
			children = (
				17A2CD0418EC1D1B0004F343 /* BXFigureDrawTests-Info.plist */,
				17A2CD0518EC1D1B0004F343 /* InfoPlist.strings */,
			);
			name = "Supporting Files";
			sourceTree = "<group>";
		};
/* End PBXGroup section */

/* Begin PBXNativeTarget section */
		17A2CCD918EC1D1A0004F343 /* BXFigureDraw */ = {
			isa = PBXNativeTarget;
			buildConfigurationList = 17A2CD0C18EC1D1B0004F343 /* Build configuration list for PBXNativeTarget "BXFigureDraw" */;
			buildPhases = (
				17A2CCD618EC1D1A0004F343 /* Sources */,
				17A2CCD718EC1D1A0004F343 /* Frameworks */,
				17A2CCD818EC1D1A0004F343 /* Resources */,
			);
			buildRules = (
			);
			dependencies = (
			);
			name = BXFigureDraw;
			productName = BXFigureDraw;
			productReference = 17A2CCDA18EC1D1A0004F343 /* BXFigureDraw.app */;
			productType = "com.apple.product-type.application";
		};
		17A2CCFA18EC1D1B0004F343 /* BXFigureDrawTests */ = {
			isa = PBXNativeTarget;
			buildConfigurationList = 17A2CD0F18EC1D1B0004F343 /* Build configuration list for PBXNativeTarget "BXFigureDrawTests" */;
			buildPhases = (
				17A2CCF718EC1D1B0004F343 /* Sources */,
				17A2CCF818EC1D1B0004F343 /* Frameworks */,
				17A2CCF918EC1D1B0004F343 /* Resources */,
			);
			buildRules = (
			);
			dependencies = (
				17A2CD0118EC1D1B0004F343 /* PBXTargetDependency */,
			);
			name = BXFigureDrawTests;
			productName = BXFigureDrawTests;
			productReference = 17A2CCFB18EC1D1B0004F343 /* BXFigureDrawTests.xctest */;
			productType = "com.apple.product-type.bundle.unit-test";
		};
/* End PBXNativeTarget section */

/* Begin PBXProject section */
		17A2CCD218EC1D1A0004F343 /* Project object */ = {
			isa = PBXProject;
			attributes = {
				CLASSPREFIX = BX;
				LastUpgradeCheck = 0510;
				ORGANIZATIONNAME = "X-made";
				TargetAttributes = {
					17A2CCFA18EC1D1B0004F343 = {
						TestTargetID = 17A2CCD918EC1D1A0004F343;
					};
				};
			};
			buildConfigurationList = 17A2CCD518EC1D1A0004F343 /* Build configuration list for PBXProject "BXFigureDraw" */;
			compatibilityVersion = "Xcode 3.2";
			developmentRegion = English;
			hasScannedForEncodings = 0;
			knownRegions = (
				en,
				Base,
			);
			mainGroup = 17A2CCD118EC1D1A0004F343;
			productRefGroup = 17A2CCDB18EC1D1A0004F343 /* Products */;
			projectDirPath = "";
			projectRoot = "";
			targets = (
				17A2CCD918EC1D1A0004F343 /* BXFigureDraw */,
				17A2CCFA18EC1D1B0004F343 /* BXFigureDrawTests */,
			);
		};
/* End PBXProject section */

/* Begin PBXResourcesBuildPhase section */
		17A2CCD818EC1D1A0004F343 /* Resources */ = {
			isa = PBXResourcesBuildPhase;
			buildActionMask = 2147483647;
			files = (
				17A2CCF618EC1D1B0004F343 /* Images.xcassets in Resources */,
				17A2CCE818EC1D1A0004F343 /* InfoPlist.strings in Resources */,
				17A2CCF118EC1D1B0004F343 /* Main.storyboard in Resources */,
			);
			runOnlyForDeploymentPostprocessing = 0;
		};
		17A2CCF918EC1D1B0004F343 /* Resources */ = {
			isa = PBXResourcesBuildPhase;
			buildActionMask = 2147483647;
			files = (
				17A2CD0718EC1D1B0004F343 /* InfoPlist.strings in Resources */,
			);
			runOnlyForDeploymentPostprocessing = 0;
		};
/* End PBXResourcesBuildPhase section */

/* Begin PBXSourcesBuildPhase section */
		17A2CCD618EC1D1A0004F343 /* Sources */ = {
			isa = PBXSourcesBuildPhase;
			buildActionMask = 2147483647;
			files = (
				17A2CCF418EC1D1B0004F343 /* BXViewController.m in Sources */,
				17A2CCEE18EC1D1A0004F343 /* BXAppDelegate.m in Sources */,
				17A2CCEA18EC1D1A0004F343 /* main.m in Sources */,
			);
			runOnlyForDeploymentPostprocessing = 0;
		};
		17A2CCF718EC1D1B0004F343 /* Sources */ = {
			isa = PBXSourcesBuildPhase;
			buildActionMask = 2147483647;
			files = (
				17A2CD0918EC1D1B0004F343 /* BXFigureDrawTests.m in Sources */,
			);
			runOnlyForDeploymentPostprocessing = 0;
		};
/* End PBXSourcesBuildPhase section */

/* Begin PBXTargetDependency section */
		17A2CD0118EC1D1B0004F343 /* PBXTargetDependency */ = {
			isa = PBXTargetDependency;
			target = 17A2CCD918EC1D1A0004F343 /* BXFigureDraw */;
			targetProxy = 17A2CD0018EC1D1B0004F343 /* PBXContainerItemProxy */;
		};
/* End PBXTargetDependency section */

/* Begin PBXVariantGroup section */
		17A2CCE618EC1D1A0004F343 /* InfoPlist.strings */ = {
			isa = PBXVariantGroup;
			children = (
				17A2CCE718EC1D1A0004F343 /* en */,
			);
			name = InfoPlist.strings;
			sourceTree = "<group>";
		};
		17A2CCEF18EC1D1B0004F343 /* Main.storyboard */ = {
			isa = PBXVariantGroup;
			children = (
				17A2CCF018EC1D1B0004F343 /* Base */,
			);
			name = Main.storyboard;
			sourceTree = "<group>";
		};
		17A2CD0518EC1D1B0004F343 /* InfoPlist.strings */ = {
			isa = PBXVariantGroup;
			children = (
				17A2CD0618EC1D1B0004F343 /* en */,
			);
			name = InfoPlist.strings;
			sourceTree = "<group>";
		};
/* End PBXVariantGroup section */

/* Begin XCBuildConfiguration section */
		17A2CD0A18EC1D1B0004F343 /* Debug */ = {
			isa = XCBuildConfiguration;
			buildSettings = {
				ALWAYS_SEARCH_USER_PATHS = NO;
				CLANG_CXX_LANGUAGE_STANDARD = "gnu++0x";
				CLANG_CXX_LIBRARY = "libc++";
				CLANG_ENABLE_MODULES = YES;
				CLANG_ENABLE_OBJC_ARC = YES;
				CLANG_WARN_BOOL_CONVERSION = YES;
				CLANG_WARN_CONSTANT_CONVERSION = YES;
				CLANG_WARN_DIRECT_OBJC_ISA_USAGE = YES_ERROR;
				CLANG_WARN_EMPTY_BODY = YES;
				CLANG_WARN_ENUM_CONVERSION = YES;
				CLANG_WARN_INT_CONVERSION = YES;
				CLANG_WARN_OBJC_ROOT_CLASS = YES_ERROR;
				CLANG_WARN__DUPLICATE_METHOD_MATCH = YES;
				"CODE_SIGN_IDENTITY[sdk=iphoneos*]" = "iPhone Developer";
				COPY_PHASE_STRIP = NO;
				GCC_C_LANGUAGE_STANDARD = gnu99;
				GCC_DYNAMIC_NO_PIC = NO;
				GCC_OPTIMIZATION_LEVEL = 0;
				GCC_PREPROCESSOR_DEFINITIONS = (
					"DEBUG=1",
					"$(inherited)",
				);
				GCC_SYMBOLS_PRIVATE_EXTERN = NO;
				GCC_WARN_64_TO_32_BIT_CONVERSION = YES;
				GCC_WARN_ABOUT_RETURN_TYPE = YES_ERROR;
				GCC_WARN_UNDECLARED_SELECTOR = YES;
				GCC_WARN_UNINITIALIZED_AUTOS = YES_AGGRESSIVE;
				GCC_WARN_UNUSED_FUNCTION = YES;
				GCC_WARN_UNUSED_VARIABLE = YES;
				IPHONEOS_DEPLOYMENT_TARGET = 7.1;
				ONLY_ACTIVE_ARCH = YES;
				SDKROOT = iphoneos;
			};
			name = Debug;
		};
		17A2CD0B18EC1D1B0004F343 /* Release */ = {
			isa = XCBuildConfiguration;
			buildSettings = {
				ALWAYS_SEARCH_USER_PATHS = NO;
				CLANG_CXX_LANGUAGE_STANDARD = "gnu++0x";
				CLANG_CXX_LIBRARY = "libc++";
				CLANG_ENABLE_MODULES = YES;
				CLANG_ENABLE_OBJC_ARC = YES;
				CLANG_WARN_BOOL_CONVERSION = YES;
				CLANG_WARN_CONSTANT_CONVERSION = YES;
				CLANG_WARN_DIRECT_OBJC_ISA_USAGE = YES_ERROR;
				CLANG_WARN_EMPTY_BODY = YES;
				CLANG_WARN_ENUM_CONVERSION = YES;
				CLANG_WARN_INT_CONVERSION = YES;
				CLANG_WARN_OBJC_ROOT_CLASS = YES_ERROR;
				CLANG_WARN__DUPLICATE_METHOD_MATCH = YES;
				"CODE_SIGN_IDENTITY[sdk=iphoneos*]" = "iPhone Developer";
				COPY_PHASE_STRIP = YES;
				ENABLE_NS_ASSERTIONS = NO;
				GCC_C_LANGUAGE_STANDARD = gnu99;
				GCC_WARN_64_TO_32_BIT_CONVERSION = YES;
				GCC_WARN_ABOUT_RETURN_TYPE = YES_ERROR;
				GCC_WARN_UNDECLARED_SELECTOR = YES;
				GCC_WARN_UNINITIALIZED_AUTOS = YES_AGGRESSIVE;
				GCC_WARN_UNUSED_FUNCTION = YES;
				GCC_WARN_UNUSED_VARIABLE = YES;
				IPHONEOS_DEPLOYMENT_TARGET = 7.1;
				SDKROOT = iphoneos;
				VALIDATE_PRODUCT = YES;
			};
			name = Release;
		};
		17A2CD0D18EC1D1B0004F343 /* Debug */ = {
			isa = XCBuildConfiguration;
			buildSettings = {
				ASSETCATALOG_COMPILER_APPICON_NAME = AppIcon;
				ASSETCATALOG_COMPILER_LAUNCHIMAGE_NAME = LaunchImage;
				GCC_PRECOMPILE_PREFIX_HEADER = YES;
				GCC_PREFIX_HEADER = "BXFigureDraw/BXFigureDraw-Prefix.pch";
				INFOPLIST_FILE = "BXFigureDraw/BXFigureDraw-Info.plist";
				PRODUCT_NAME = "$(TARGET_NAME)";
				WRAPPER_EXTENSION = app;
			};
			name = Debug;
		};
		17A2CD0E18EC1D1B0004F343 /* Release */ = {
			isa = XCBuildConfiguration;
			buildSettings = {
				ASSETCATALOG_COMPILER_APPICON_NAME = AppIcon;
				ASSETCATALOG_COMPILER_LAUNCHIMAGE_NAME = LaunchImage;
				GCC_PRECOMPILE_PREFIX_HEADER = YES;
				GCC_PREFIX_HEADER = "BXFigureDraw/BXFigureDraw-Prefix.pch";
				INFOPLIST_FILE = "BXFigureDraw/BXFigureDraw-Info.plist";
				PRODUCT_NAME = "$(TARGET_NAME)";
				WRAPPER_EXTENSION = app;
			};
			name = Release;
		};
		17A2CD1018EC1D1B0004F343 /* Debug */ = {
			isa = XCBuildConfiguration;
			buildSettings = {
				BUNDLE_LOADER = "$(BUILT_PRODUCTS_DIR)/BXFigureDraw.app/BXFigureDraw";
				FRAMEWORK_SEARCH_PATHS = (
					"$(SDKROOT)/Developer/Library/Frameworks",
					"$(inherited)",
					"$(DEVELOPER_FRAMEWORKS_DIR)",
				);
				GCC_PRECOMPILE_PREFIX_HEADER = YES;
				GCC_PREFIX_HEADER = "BXFigureDraw/BXFigureDraw-Prefix.pch";
				GCC_PREPROCESSOR_DEFINITIONS = (
					"DEBUG=1",
					"$(inherited)",
				);
				INFOPLIST_FILE = "BXFigureDrawTests/BXFigureDrawTests-Info.plist";
				PRODUCT_NAME = "$(TARGET_NAME)";
				TEST_HOST = "$(BUNDLE_LOADER)";
				WRAPPER_EXTENSION = xctest;
			};
			name = Debug;
		};
		17A2CD1118EC1D1B0004F343 /* Release */ = {
			isa = XCBuildConfiguration;
			buildSettings = {
				BUNDLE_LOADER = "$(BUILT_PRODUCTS_DIR)/BXFigureDraw.app/BXFigureDraw";
				FRAMEWORK_SEARCH_PATHS = (
					"$(SDKROOT)/Developer/Library/Frameworks",
					"$(inherited)",
					"$(DEVELOPER_FRAMEWORKS_DIR)",
				);
				GCC_PRECOMPILE_PREFIX_HEADER = YES;
				GCC_PREFIX_HEADER = "BXFigureDraw/BXFigureDraw-Prefix.pch";
				INFOPLIST_FILE = "BXFigureDrawTests/BXFigureDrawTests-Info.plist";
				PRODUCT_NAME = "$(TARGET_NAME)";
				TEST_HOST = "$(BUNDLE_LOADER)";
				WRAPPER_EXTENSION = xctest;
			};
			name = Release;
		};
/* End XCBuildConfiguration section */

/* Begin XCConfigurationList section */
		17A2CCD518EC1D1A0004F343 /* Build configuration list for PBXProject "BXFigureDraw" */ = {
			isa = XCConfigurationList;
			buildConfigurations = (
				17A2CD0A18EC1D1B0004F343 /* Debug */,
				17A2CD0B18EC1D1B0004F343 /* Release */,
			);
			defaultConfigurationIsVisible = 0;
			defaultConfigurationName = Release;
		};
		17A2CD0C18EC1D1B0004F343 /* Build configuration list for PBXNativeTarget "BXFigureDraw" */ = {
			isa = XCConfigurationList;
			buildConfigurations = (
				17A2CD0D18EC1D1B0004F343 /* Debug */,
				17A2CD0E18EC1D1B0004F343 /* Release */,
			);
			defaultConfigurationIsVisible = 0;
		};
		17A2CD0F18EC1D1B0004F343 /* Build configuration list for PBXNativeTarget "BXFigureDrawTests" */ = {
			isa = XCConfigurationList;
			buildConfigurations = (
				17A2CD1018EC1D1B0004F343 /* Debug */,
				17A2CD1118EC1D1B0004F343 /* Release */,
			);
			defaultConfigurationIsVisible = 0;
		};
/* End XCConfigurationList section */
	};
	rootObject = 17A2CCD218EC1D1A0004F343 /* Project object */;
}
